
Microsoft Visual Studio Solution File, Format Version 12.00
# Visual Studio Version 17
VisualStudioVersion = 17.9.34607.119
MinimumVisualStudioVersion = 10.0.40219.1
Project("{FAE04EC0-301F-11D3-BF4B-00C04F79EFBC}") = "PopularWikipediaArticles", "PopularWikipediaArticles\PopularWikipediaArticles.csproj", "{932D00F7-DDDF-4901-B13B-4FE343A69928}"
EndProject
Global
	GlobalSection(SolutionConfigurationPlatforms) = preSolution
		Debug|Any CPU = Debug|Any CPU
		Release|Any CPU = Release|Any CPU
	EndGlobalSection
	GlobalSection(ProjectConfigurationPlatforms) = postSolution
		{932D00F7-DDDF-4901-B13B-4FE343A69928}.Debug|Any CPU.ActiveCfg = Debug|Any CPU
		{932D00F7-DDDF-4901-B13B-4FE343A69928}.Debug|Any CPU.Build.0 = Debug|Any CPU
		{932D00F7-DDDF-4901-B13B-4FE343A69928}.Debug|Any CPU.Deploy.0 = Debug|Any CPU
		{932D00F7-DDDF-4901-B13B-4FE343A69928}.Release|Any CPU.ActiveCfg = Release|Any CPU
		{932D00F7-DDDF-4901-B13B-4FE343A69928}.Release|Any CPU.Build.0 = Release|Any CPU
		{932D00F7-DDDF-4901-B13B-4FE343A69928}.Release|Any CPU.Deploy.0 = Release|Any CPU
	EndGlobalSection
	GlobalSection(SolutionProperties) = preSolution
		HideSolutionNode = FALSE
	EndGlobalSection
	GlobalSection(ExtensibilityGlobals) = postSolution
		SolutionGuid = {298E7C8B-E6D8-4639-A8DF-63FE42FC233B}
	EndGlobalSection
EndGlobal
